{
    "_readme": [
        "This file locks the dependencies of your project to a known state",
        "Read more about it at https://getcomposer.org/doc/01-basic-usage.md#installing-dependencies",
        "This file is @generated automatically"
    ],
    "content-hash": "4ae7544f97351004346a62f0bcfb4d2a",
    "packages": [
        {
            "name": "bramus/router",
            "version": "1.6.1",
            "source": {
                "type": "git",
                "url": "https://github.com/bramus/router.git",
                "reference": "55657b76da8a0a509250fb55b9dd24e1aa237eba"
            },
            "dist": {
                "type": "zip",
                "url": "https://api.github.com/repos/bramus/router/zipball/55657b76da8a0a509250fb55b9dd24e1aa237eba",
                "reference": "55657b76da8a0a509250fb55b9dd24e1aa237eba",
                "shasum": ""
            },
            "require": {
                "php": ">=5.3.0"
            },
            "require-dev": {
                "friendsofphp/php-cs-fixer": "~2.14",
                "phpunit/php-code-coverage": "~2.0",
                "phpunit/phpunit": "~4.8"
            },
            "type": "library",
            "autoload": {
                "psr-0": {
                    "Bramus": "src/"
                }
            },
            "notification-url": "https://packagist.org/downloads/",
            "license": [
                "MIT"
            ],
            "authors": [
                {
                    "name": "Bram(us) Van Damme",
                    "email": "bramus@bram.us",
                    "homepage": "http://www.bram.us"
                }
            ],
            "description": "A lightweight and simple object oriented PHP Router",
            "homepage": "https://github.com/bramus/router",
            "keywords": [
                "router",
                "routing"
            ],
            "support": {
                "issues": "https://github.com/bramus/router/issues",
                "source": "https://github.com/bramus/router/tree/1.6.1"
            },
            "time": "2021-11-18T19:24:07+00:00"
        },
        {
            "name": "lcobucci/clock",
            "version": "3.2.0",
            "source": {
                "type": "git",
                "url": "https://github.com/lcobucci/clock.git",
                "reference": "6f28b826ea01306b07980cb8320ab30b966cd715"
            },
            "dist": {
                "type": "zip",
                "url": "https://api.github.com/repos/lcobucci/clock/zipball/6f28b826ea01306b07980cb8320ab30b966cd715",
                "reference": "6f28b826ea01306b07980cb8320ab30b966cd715",
                "shasum": ""
            },
            "require": {
                "php": "~8.2.0 || ~8.3.0",
                "psr/clock": "^1.0"
            },
            "provide": {
                "psr/clock-implementation": "1.0"
            },
            "require-dev": {
                "infection/infection": "^0.27",
                "lcobucci/coding-standard": "^11.0.0",
                "phpstan/extension-installer": "^1.3.1",
                "phpstan/phpstan": "^1.10.25",
                "phpstan/phpstan-deprecation-rules": "^1.1.3",
                "phpstan/phpstan-phpunit": "^1.3.13",
                "phpstan/phpstan-strict-rules": "^1.5.1",
                "phpunit/phpunit": "^10.2.3"
            },
            "type": "library",
            "autoload": {
                "psr-4": {
                    "Lcobucci\\Clock\\": "src"
                }
            },
            "notification-url": "https://packagist.org/downloads/",
            "license": [
                "MIT"
            ],
            "authors": [
                {
                    "name": "Luís Cobucci",
                    "email": "lcobucci@gmail.com"
                }
            ],
            "description": "Yet another clock abstraction",
            "support": {
                "issues": "https://github.com/lcobucci/clock/issues",
                "source": "https://github.com/lcobucci/clock/tree/3.2.0"
            },
            "funding": [
                {
                    "url": "https://github.com/lcobucci",
                    "type": "github"
                },
                {
                    "url": "https://www.patreon.com/lcobucci",
                    "type": "patreon"
                }
            ],
            "time": "2023-11-17T17:00:27+00:00"
        },
        {
            "name": "lcobucci/jwt",
            "version": "5.2.0",
            "source": {
                "type": "git",
                "url": "https://github.com/lcobucci/jwt.git",
                "reference": "0ba88aed12c04bd2ed9924f500673f32b67a6211"
            },
            "dist": {
                "type": "zip",
                "url": "https://api.github.com/repos/lcobucci/jwt/zipball/0ba88aed12c04bd2ed9924f500673f32b67a6211",
                "reference": "0ba88aed12c04bd2ed9924f500673f32b67a6211",
                "shasum": ""
            },
            "require": {
                "ext-openssl": "*",
                "ext-sodium": "*",
                "php": "~8.1.0 || ~8.2.0 || ~8.3.0",
                "psr/clock": "^1.0"
            },
            "require-dev": {
                "infection/infection": "^0.27.0",
                "lcobucci/clock": "^3.0",
                "lcobucci/coding-standard": "^11.0",
                "phpbench/phpbench": "^1.2.9",
                "phpstan/extension-installer": "^1.2",
                "phpstan/phpstan": "^1.10.7",
                "phpstan/phpstan-deprecation-rules": "^1.1.3",
                "phpstan/phpstan-phpunit": "^1.3.10",
                "phpstan/phpstan-strict-rules": "^1.5.0",
                "phpunit/phpunit": "^10.2.6"
            },
            "suggest": {
                "lcobucci/clock": ">= 3.0"
            },
            "type": "library",
            "autoload": {
                "psr-4": {
                    "Lcobucci\\JWT\\": "src"
                }
            },
            "notification-url": "https://packagist.org/downloads/",
            "license": [
                "BSD-3-Clause"
            ],
            "authors": [
                {
                    "name": "Luís Cobucci",
                    "email": "lcobucci@gmail.com",
                    "role": "Developer"
                }
            ],
            "description": "A simple library to work with JSON Web Token and JSON Web Signature",
            "keywords": [
                "JWS",
                "jwt"
            ],
            "support": {
                "issues": "https://github.com/lcobucci/jwt/issues",
                "source": "https://github.com/lcobucci/jwt/tree/5.2.0"
            },
            "funding": [
                {
                    "url": "https://github.com/lcobucci",
                    "type": "github"
                },
                {
                    "url": "https://www.patreon.com/lcobucci",
                    "type": "patreon"
                }
            ],
            "time": "2023-11-20T21:17:42+00:00"
        },
        {
            "name": "psr/clock",
            "version": "1.0.0",
            "source": {
                "type": "git",
                "url": "https://github.com/php-fig/clock.git",
                "reference": "e41a24703d4560fd0acb709162f73b8adfc3aa0d"
            },
            "dist": {
                "type": "zip",
                "url": "https://api.github.com/repos/php-fig/clock/zipball/e41a24703d4560fd0acb709162f73b8adfc3aa0d",
                "reference": "e41a24703d4560fd0acb709162f73b8adfc3aa0d",
                "shasum": ""
            },
            "require": {
                "php": "^7.0 || ^8.0"
            },
            "type": "library",
            "autoload": {
                "psr-4": {
                    "Psr\\Clock\\": "src/"
                }
            },
            "notification-url": "https://packagist.org/downloads/",
            "license": [
                "MIT"
            ],
            "authors": [
                {
                    "name": "PHP-FIG",
                    "homepage": "https://www.php-fig.org/"
                }
            ],
            "description": "Common interface for reading the clock.",
            "homepage": "https://github.com/php-fig/clock",
            "keywords": [
                "clock",
                "now",
                "psr",
                "psr-20",
                "time"
            ],
            "support": {
                "issues": "https://github.com/php-fig/clock/issues",
                "source": "https://github.com/php-fig/clock/tree/1.0.0"
            },
            "time": "2022-11-25T14:36:26+00:00"
        },
        {
            "name": "quickbooks/v3-php-sdk",
            "version": "v6.1.2",
            "source": {
                "type": "git",
                "url": "https://github.com/intuit/QuickBooks-V3-PHP-SDK.git",
                "reference": "a4039a8257633ed1481dfe1e50a7881016fa0b1d"
            },
            "dist": {
                "type": "zip",
                "url": "https://api.github.com/repos/intuit/QuickBooks-V3-PHP-SDK/zipball/a4039a8257633ed1481dfe1e50a7881016fa0b1d",
                "reference": "a4039a8257633ed1481dfe1e50a7881016fa0b1d",
                "shasum": ""
            },
            "require": {
                "ext-dom": "*",
                "ext-mbstring": "*",
                "php": ">=5.6.0"
            },
            "require-dev": {
                "php-mock/php-mock": "^2.3",
                "php-mock/php-mock-phpunit": "^2.6",
                "phpunit/phpunit": "^5.0 || ^6.0 || ^7.0 || ^8"
            },
            "suggest": {
                "ext-curl": "Uses Curl to make HTTP Requests",
                "guzzlehttp/guzzle": "Uses Guzzle to make HTTP Requests"
            },
            "type": "library",
            "autoload": {
                "psr-4": {
                    "QuickBooksOnline\\API\\": "src/"
                }
            },
            "notification-url": "https://packagist.org/downloads/",
            "license": [
                "Apache-2.0"
            ],
            "authors": [
                {
                    "name": "abisalehalliprasan",
                    "email": "anil_kumar3@intuit.com"
                }
            ],
            "description": "The Official PHP SDK for QuickBooks Online Accounting API",
            "homepage": "http://developer.intuit.com",
            "keywords": [
                "api",
                "http",
                "quickbooks",
                "rest",
                "smallbusiness"
            ],
            "support": {
                "issues": "https://github.com/intuit/QuickBooks-V3-PHP-SDK/issues",
                "source": "https://github.com/intuit/QuickBooks-V3-PHP-SDK/tree/v6.1.2"
            },
            "time": "2023-08-02T04:48:35+00:00"
        }
    ],
    "packages-dev": [],
    "aliases": [],
    "minimum-stability": "stable",
    "stability-flags": [],
    "prefer-stable": false,
    "prefer-lowest": false,
    "platform": [],
    "platform-dev": [],
    "plugin-api-version": "2.6.0"
}
